
Microsoft Visual Studio Solution File, Format Version 12.00
# Visual Studio 15
VisualStudioVersion = 15.0.28307.329
MinimumVisualStudioVersion = 10.0.40219.1
Project("{FAE04EC0-301F-11D3-BF4B-00C04F79EFBC}") = "MinhasNFc.Android", "MinhasNFc\MinhasNFc.Android\MinhasNFc.Android.csproj", "{24CE3C36-16B9-426D-AA0C-5961ECF8D88C}"
EndProject
Project("{FAE04EC0-301F-11D3-BF4B-00C04F79EFBC}") = "MinhasNFc.iOS", "MinhasNFc\MinhasNFc.iOS\MinhasNFc.iOS.csproj", "{B82EE7F0-FB2A-4376-AEF5-A312FB928C5C}"
EndProject
Project("{FAE04EC0-301F-11D3-BF4B-00C04F79EFBC}") = "MinhasNFc.UWP", "MinhasNFc\MinhasNFc.UWP\MinhasNFc.UWP.csproj", "{C5ACB556-8EFF-4BA8-992B-ED1F52B4278D}"
EndProject
Project("{9A19103F-16F7-4668-BE54-9A1E7A4F7556}") = "MinhasNFc", "MinhasNFc\MinhasNFc\MinhasNFc.csproj", "{59252BAE-7274-4AD3-9021-582B5715255E}"
EndProject
Global
	GlobalSection(SolutionConfigurationPlatforms) = preSolution
		Debug|Any CPU = Debug|Any CPU
		Debug|ARM = Debug|ARM
		Debug|iPhone = Debug|iPhone
		Debug|iPhoneSimulator = Debug|iPhoneSimulator
		Debug|x64 = Debug|x64
		Debug|x86 = Debug|x86
		Release|Any CPU = Release|Any CPU
		Release|ARM = Release|ARM
		Release|iPhone = Release|iPhone
		Release|iPhoneSimulator = Release|iPhoneSimulator
		Release|x64 = Release|x64
		Release|x86 = Release|x86
	EndGlobalSection
	GlobalSection(ProjectConfigurationPlatforms) = postSolution
		{24CE3C36-16B9-426D-AA0C-5961ECF8D88C}.Debug|Any CPU.ActiveCfg = Debug|Any CPU
		{24CE3C36-16B9-426D-AA0C-5961ECF8D88C}.Debug|Any CPU.Build.0 = Debug|Any CPU
		{24CE3C36-16B9-426D-AA0C-5961ECF8D88C}.Debug|Any CPU.Deploy.0 = Debug|Any CPU
		{24CE3C36-16B9-426D-AA0C-5961ECF8D88C}.Debug|ARM.ActiveCfg = Debug|Any CPU
		{24CE3C36-16B9-426D-AA0C-5961ECF8D88C}.Debug|ARM.Build.0 = Debug|Any CPU
		{24CE3C36-16B9-426D-AA0C-5961ECF8D88C}.Debug|ARM.Deploy.0 = Debug|Any CPU
		{24CE3C36-16B9-426D-AA0C-5961ECF8D88C}.Debug|iPhone.ActiveCfg = Debug|Any CPU
		{24CE3C36-16B9-426D-AA0C-5961ECF8D88C}.Debug|iPhone.Build.0 = Debug|Any CPU
		{24CE3C36-16B9-426D-AA0C-5961ECF8D88C}.Debug|iPhone.Deploy.0 = Debug|Any CPU
		{24CE3C36-16B9-426D-AA0C-5961ECF8D88C}.Debug|iPhoneSimulator.ActiveCfg = Debug|Any CPU
		{24CE3C36-16B9-426D-AA0C-5961ECF8D88C}.Debug|iPhoneSimulator.Build.0 = Debug|Any CPU
		{24CE3C36-16B9-426D-AA0C-5961ECF8D88C}.Debug|iPhoneSimulator.Deploy.0 = Debug|Any CPU
		{24CE3C36-16B9-426D-AA0C-5961ECF8D88C}.Debug|x64.ActiveCfg = Debug|Any CPU
		{24CE3C36-16B9-426D-AA0C-5961ECF8D88C}.Debug|x64.Build.0 = Debug|Any CPU
		{24CE3C36-16B9-426D-AA0C-5961ECF8D88C}.Debug|x64.Deploy.0 = Debug|Any CPU
		{24CE3C36-16B9-426D-AA0C-5961ECF8D88C}.Debug|x86.ActiveCfg = Debug|Any CPU
		{24CE3C36-16B9-426D-AA0C-5961ECF8D88C}.Debug|x86.Build.0 = Debug|Any CPU
		{24CE3C36-16B9-426D-AA0C-5961ECF8D88C}.Debug|x86.Deploy.0 = Debug|Any CPU
		{24CE3C36-16B9-426D-AA0C-5961ECF8D88C}.Release|Any CPU.ActiveCfg = Release|Any CPU
		{24CE3C36-16B9-426D-AA0C-5961ECF8D88C}.Release|Any CPU.Build.0 = Release|Any CPU
		{24CE3C36-16B9-426D-AA0C-5961ECF8D88C}.Release|Any CPU.Deploy.0 = Release|Any CPU
		{24CE3C36-16B9-426D-AA0C-5961ECF8D88C}.Release|ARM.ActiveCfg = Release|Any CPU
		{24CE3C36-16B9-426D-AA0C-5961ECF8D88C}.Release|ARM.Build.0 = Release|Any CPU
		{24CE3C36-16B9-426D-AA0C-5961ECF8D88C}.Release|ARM.Deploy.0 = Release|Any CPU
		{24CE3C36-16B9-426D-AA0C-5961ECF8D88C}.Release|iPhone.ActiveCfg = Release|Any CPU
		{24CE3C36-16B9-426D-AA0C-5961ECF8D88C}.Release|iPhone.Build.0 = Release|Any CPU
		{24CE3C36-16B9-426D-AA0C-5961ECF8D88C}.Release|iPhone.Deploy.0 = Release|Any CPU
		{24CE3C36-16B9-426D-AA0C-5961ECF8D88C}.Release|iPhoneSimulator.ActiveCfg = Release|Any CPU
		{24CE3C36-16B9-426D-AA0C-5961ECF8D88C}.Release|iPhoneSimulator.Build.0 = Release|Any CPU
		{24CE3C36-16B9-426D-AA0C-5961ECF8D88C}.Release|iPhoneSimulator.Deploy.0 = Release|Any CPU
		{24CE3C36-16B9-426D-AA0C-5961ECF8D88C}.Release|x64.ActiveCfg = Release|Any CPU
		{24CE3C36-16B9-426D-AA0C-5961ECF8D88C}.Release|x64.Build.0 = Release|Any CPU
		{24CE3C36-16B9-426D-AA0C-5961ECF8D88C}.Release|x64.Deploy.0 = Release|Any CPU
		{24CE3C36-16B9-426D-AA0C-5961ECF8D88C}.Release|x86.ActiveCfg = Release|Any CPU
		{24CE3C36-16B9-426D-AA0C-5961ECF8D88C}.Release|x86.Build.0 = Release|Any CPU
		{24CE3C36-16B9-426D-AA0C-5961ECF8D88C}.Release|x86.Deploy.0 = Release|Any CPU
		{B82EE7F0-FB2A-4376-AEF5-A312FB928C5C}.Debug|Any CPU.ActiveCfg = Debug|iPhoneSimulator
		{B82EE7F0-FB2A-4376-AEF5-A312FB928C5C}.Debug|Any CPU.Build.0 = Debug|iPhoneSimulator
		{B82EE7F0-FB2A-4376-AEF5-A312FB928C5C}.Debug|Any CPU.Deploy.0 = Debug|iPhoneSimulator
		{B82EE7F0-FB2A-4376-AEF5-A312FB928C5C}.Debug|ARM.ActiveCfg = Debug|iPhone
		{B82EE7F0-FB2A-4376-AEF5-A312FB928C5C}.Debug|ARM.Build.0 = Debug|iPhone
		{B82EE7F0-FB2A-4376-AEF5-A312FB928C5C}.Debug|ARM.Deploy.0 = Debug|iPhone
		{B82EE7F0-FB2A-4376-AEF5-A312FB928C5C}.Debug|iPhone.ActiveCfg = Debug|iPhone
		{B82EE7F0-FB2A-4376-AEF5-A312FB928C5C}.Debug|iPhone.Build.0 = Debug|iPhone
		{B82EE7F0-FB2A-4376-AEF5-A312FB928C5C}.Debug|iPhone.Deploy.0 = Debug|iPhone
		{B82EE7F0-FB2A-4376-AEF5-A312FB928C5C}.Debug|iPhoneSimulator.ActiveCfg = Debug|iPhoneSimulator
		{B82EE7F0-FB2A-4376-AEF5-A312FB928C5C}.Debug|iPhoneSimulator.Build.0 = Debug|iPhoneSimulator
		{B82EE7F0-FB2A-4376-AEF5-A312FB928C5C}.Debug|iPhoneSimulator.Deploy.0 = Debug|iPhoneSimulator
		{B82EE7F0-FB2A-4376-AEF5-A312FB928C5C}.Debug|x64.ActiveCfg = Debug|iPhone
		{B82EE7F0-FB2A-4376-AEF5-A312FB928C5C}.Debug|x64.Build.0 = Debug|iPhone
		{B82EE7F0-FB2A-4376-AEF5-A312FB928C5C}.Debug|x64.Deploy.0 = Debug|iPhone
		{B82EE7F0-FB2A-4376-AEF5-A312FB928C5C}.Debug|x86.ActiveCfg = Debug|iPhone
		{B82EE7F0-FB2A-4376-AEF5-A312FB928C5C}.Debug|x86.Build.0 = Debug|iPhone
		{B82EE7F0-FB2A-4376-AEF5-A312FB928C5C}.Debug|x86.Deploy.0 = Debug|iPhone
		{B82EE7F0-FB2A-4376-AEF5-A312FB928C5C}.Release|Any CPU.ActiveCfg = Release|iPhone
		{B82EE7F0-FB2A-4376-AEF5-A312FB928C5C}.Release|Any CPU.Build.0 = Release|iPhone
		{B82EE7F0-FB2A-4376-AEF5-A312FB928C5C}.Release|Any CPU.Deploy.0 = Release|iPhone
		{B82EE7F0-FB2A-4376-AEF5-A312FB928C5C}.Release|ARM.ActiveCfg = Release|iPhone
		{B82EE7F0-FB2A-4376-AEF5-A312FB928C5C}.Release|ARM.Build.0 = Release|iPhone
		{B82EE7F0-FB2A-4376-AEF5-A312FB928C5C}.Release|ARM.Deploy.0 = Release|iPhone
		{B82EE7F0-FB2A-4376-AEF5-A312FB928C5C}.Release|iPhone.ActiveCfg = Release|iPhone
		{B82EE7F0-FB2A-4376-AEF5-A312FB928C5C}.Release|iPhone.Build.0 = Release|iPhone
		{B82EE7F0-FB2A-4376-AEF5-A312FB928C5C}.Release|iPhone.Deploy.0 = Release|iPhone
		{B82EE7F0-FB2A-4376-AEF5-A312FB928C5C}.Release|iPhoneSimulator.ActiveCfg = Release|iPhoneSimulator
		{B82EE7F0-FB2A-4376-AEF5-A312FB928C5C}.Release|iPhoneSimulator.Build.0 = Release|iPhoneSimulator
		{B82EE7F0-FB2A-4376-AEF5-A312FB928C5C}.Release|iPhoneSimulator.Deploy.0 = Release|iPhoneSimulator
		{B82EE7F0-FB2A-4376-AEF5-A312FB928C5C}.Release|x64.ActiveCfg = Release|iPhone
		{B82EE7F0-FB2A-4376-AEF5-A312FB928C5C}.Release|x64.Build.0 = Release|iPhone
		{B82EE7F0-FB2A-4376-AEF5-A312FB928C5C}.Release|x64.Deploy.0 = Release|iPhone
		{B82EE7F0-FB2A-4376-AEF5-A312FB928C5C}.Release|x86.ActiveCfg = Release|iPhone
		{B82EE7F0-FB2A-4376-AEF5-A312FB928C5C}.Release|x86.Build.0 = Release|iPhone
		{B82EE7F0-FB2A-4376-AEF5-A312FB928C5C}.Release|x86.Deploy.0 = Release|iPhone
		{C5ACB556-8EFF-4BA8-992B-ED1F52B4278D}.Debug|Any CPU.ActiveCfg = Debug|x86
		{C5ACB556-8EFF-4BA8-992B-ED1F52B4278D}.Debug|Any CPU.Build.0 = Debug|x86
		{C5ACB556-8EFF-4BA8-992B-ED1F52B4278D}.Debug|Any CPU.Deploy.0 = Debug|x86
		{C5ACB556-8EFF-4BA8-992B-ED1F52B4278D}.Debug|ARM.ActiveCfg = Debug|ARM
		{C5ACB556-8EFF-4BA8-992B-ED1F52B4278D}.Debug|ARM.Build.0 = Debug|ARM
		{C5ACB556-8EFF-4BA8-992B-ED1F52B4278D}.Debug|ARM.Deploy.0 = Debug|ARM
		{C5ACB556-8EFF-4BA8-992B-ED1F52B4278D}.Debug|iPhone.ActiveCfg = Debug|x86
		{C5ACB556-8EFF-4BA8-992B-ED1F52B4278D}.Debug|iPhone.Build.0 = Debug|x86
		{C5ACB556-8EFF-4BA8-992B-ED1F52B4278D}.Debug|iPhone.Deploy.0 = Debug|x86
		{C5ACB556-8EFF-4BA8-992B-ED1F52B4278D}.Debug|iPhoneSimulator.ActiveCfg = Debug|x86
		{C5ACB556-8EFF-4BA8-992B-ED1F52B4278D}.Debug|iPhoneSimulator.Build.0 = Debug|x86
		{C5ACB556-8EFF-4BA8-992B-ED1F52B4278D}.Debug|iPhoneSimulator.Deploy.0 = Debug|x86
		{C5ACB556-8EFF-4BA8-992B-ED1F52B4278D}.Debug|x64.ActiveCfg = Debug|x64
		{C5ACB556-8EFF-4BA8-992B-ED1F52B4278D}.Debug|x64.Build.0 = Debug|x64
		{C5ACB556-8EFF-4BA8-992B-ED1F52B4278D}.Debug|x64.Deploy.0 = Debug|x64
		{C5ACB556-8EFF-4BA8-992B-ED1F52B4278D}.Debug|x86.ActiveCfg = Debug|x86
		{C5ACB556-8EFF-4BA8-992B-ED1F52B4278D}.Debug|x86.Build.0 = Debug|x86
		{C5ACB556-8EFF-4BA8-992B-ED1F52B4278D}.Debug|x86.Deploy.0 = Debug|x86
		{C5ACB556-8EFF-4BA8-992B-ED1F52B4278D}.Release|Any CPU.ActiveCfg = Release|x86
		{C5ACB556-8EFF-4BA8-992B-ED1F52B4278D}.Release|Any CPU.Build.0 = Release|x86
		{C5ACB556-8EFF-4BA8-992B-ED1F52B4278D}.Release|Any CPU.Deploy.0 = Release|x86
		{C5ACB556-8EFF-4BA8-992B-ED1F52B4278D}.Release|ARM.ActiveCfg = Release|ARM
		{C5ACB556-8EFF-4BA8-992B-ED1F52B4278D}.Release|ARM.Build.0 = Release|ARM
		{C5ACB556-8EFF-4BA8-992B-ED1F52B4278D}.Release|ARM.Deploy.0 = Release|ARM
		{C5ACB556-8EFF-4BA8-992B-ED1F52B4278D}.Release|iPhone.ActiveCfg = Release|x86
		{C5ACB556-8EFF-4BA8-992B-ED1F52B4278D}.Release|iPhone.Build.0 = Release|x86
		{C5ACB556-8EFF-4BA8-992B-ED1F52B4278D}.Release|iPhone.Deploy.0 = Release|x86
		{C5ACB556-8EFF-4BA8-992B-ED1F52B4278D}.Release|iPhoneSimulator.ActiveCfg = Release|x86
		{C5ACB556-8EFF-4BA8-992B-ED1F52B4278D}.Release|iPhoneSimulator.Build.0 = Release|x86
		{C5ACB556-8EFF-4BA8-992B-ED1F52B4278D}.Release|iPhoneSimulator.Deploy.0 = Release|x86
		{C5ACB556-8EFF-4BA8-992B-ED1F52B4278D}.Release|x64.ActiveCfg = Release|x64
		{C5ACB556-8EFF-4BA8-992B-ED1F52B4278D}.Release|x64.Build.0 = Release|x64
		{C5ACB556-8EFF-4BA8-992B-ED1F52B4278D}.Release|x64.Deploy.0 = Release|x64
		{C5ACB556-8EFF-4BA8-992B-ED1F52B4278D}.Release|x86.ActiveCfg = Release|x86
		{C5ACB556-8EFF-4BA8-992B-ED1F52B4278D}.Release|x86.Build.0 = Release|x86
		{C5ACB556-8EFF-4BA8-992B-ED1F52B4278D}.Release|x86.Deploy.0 = Release|x86
		{59252BAE-7274-4AD3-9021-582B5715255E}.Debug|Any CPU.ActiveCfg = Debug|Any CPU
		{59252BAE-7274-4AD3-9021-582B5715255E}.Debug|Any CPU.Build.0 = Debug|Any CPU
		{59252BAE-7274-4AD3-9021-582B5715255E}.Debug|Any CPU.Deploy.0 = Debug|Any CPU
		{59252BAE-7274-4AD3-9021-582B5715255E}.Debug|ARM.ActiveCfg = Debug|Any CPU
		{59252BAE-7274-4AD3-9021-582B5715255E}.Debug|ARM.Build.0 = Debug|Any CPU
		{59252BAE-7274-4AD3-9021-582B5715255E}.Debug|ARM.Deploy.0 = Debug|Any CPU
		{59252BAE-7274-4AD3-9021-582B5715255E}.Debug|iPhone.ActiveCfg = Debug|Any CPU
		{59252BAE-7274-4AD3-9021-582B5715255E}.Debug|iPhone.Build.0 = Debug|Any CPU
		{59252BAE-7274-4AD3-9021-582B5715255E}.Debug|iPhone.Deploy.0 = Debug|Any CPU
		{59252BAE-7274-4AD3-9021-582B5715255E}.Debug|iPhoneSimulator.ActiveCfg = Debug|Any CPU
		{59252BAE-7274-4AD3-9021-582B5715255E}.Debug|iPhoneSimulator.Build.0 = Debug|Any CPU
		{59252BAE-7274-4AD3-9021-582B5715255E}.Debug|iPhoneSimulator.Deploy.0 = Debug|Any CPU
		{59252BAE-7274-4AD3-9021-582B5715255E}.Debug|x64.ActiveCfg = Debug|Any CPU
		{59252BAE-7274-4AD3-9021-582B5715255E}.Debug|x64.Build.0 = Debug|Any CPU
		{59252BAE-7274-4AD3-9021-582B5715255E}.Debug|x64.Deploy.0 = Debug|Any CPU
		{59252BAE-7274-4AD3-9021-582B5715255E}.Debug|x86.ActiveCfg = Debug|Any CPU
		{59252BAE-7274-4AD3-9021-582B5715255E}.Debug|x86.Build.0 = Debug|Any CPU
		{59252BAE-7274-4AD3-9021-582B5715255E}.Debug|x86.Deploy.0 = Debug|Any CPU
		{59252BAE-7274-4AD3-9021-582B5715255E}.Release|Any CPU.ActiveCfg = Release|Any CPU
		{59252BAE-7274-4AD3-9021-582B5715255E}.Release|Any CPU.Build.0 = Release|Any CPU
		{59252BAE-7274-4AD3-9021-582B5715255E}.Release|Any CPU.Deploy.0 = Release|Any CPU
		{59252BAE-7274-4AD3-9021-582B5715255E}.Release|ARM.ActiveCfg = Release|Any CPU
		{59252BAE-7274-4AD3-9021-582B5715255E}.Release|ARM.Build.0 = Release|Any CPU
		{59252BAE-7274-4AD3-9021-582B5715255E}.Release|ARM.Deploy.0 = Release|Any CPU
		{59252BAE-7274-4AD3-9021-582B5715255E}.Release|iPhone.ActiveCfg = Release|Any CPU
		{59252BAE-7274-4AD3-9021-582B5715255E}.Release|iPhone.Build.0 = Release|Any CPU
		{59252BAE-7274-4AD3-9021-582B5715255E}.Release|iPhone.Deploy.0 = Release|Any CPU
		{59252BAE-7274-4AD3-9021-582B5715255E}.Release|iPhoneSimulator.ActiveCfg = Release|Any CPU
		{59252BAE-7274-4AD3-9021-582B5715255E}.Release|iPhoneSimulator.Build.0 = Release|Any CPU
		{59252BAE-7274-4AD3-9021-582B5715255E}.Release|iPhoneSimulator.Deploy.0 = Release|Any CPU
		{59252BAE-7274-4AD3-9021-582B5715255E}.Release|x64.ActiveCfg = Release|Any CPU
		{59252BAE-7274-4AD3-9021-582B5715255E}.Release|x64.Build.0 = Release|Any CPU
		{59252BAE-7274-4AD3-9021-582B5715255E}.Release|x64.Deploy.0 = Release|Any CPU
		{59252BAE-7274-4AD3-9021-582B5715255E}.Release|x86.ActiveCfg = Release|Any CPU
		{59252BAE-7274-4AD3-9021-582B5715255E}.Release|x86.Build.0 = Release|Any CPU
		{59252BAE-7274-4AD3-9021-582B5715255E}.Release|x86.Deploy.0 = Release|Any CPU
	EndGlobalSection
	GlobalSection(SolutionProperties) = preSolution
		HideSolutionNode = FALSE
	EndGlobalSection
	GlobalSection(ExtensibilityGlobals) = postSolution
		SolutionGuid = {7EFC32B5-7F90-4A78-B24B-8F15F0D0918A}
	EndGlobalSection
EndGlobal
